
Microsoft Visual Studio Solution File, Format Version 12.00
# Visual Studio Version 17
VisualStudioVersion = 17.7.34221.43
MinimumVisualStudioVersion = 10.0.40219.1
Project("{9A19103F-16F7-4668-BE54-9A1E7A4F7556}") = "SeamCompiler", "SeamCompiler\SeamCompiler.csproj", "{C62953D4-BA12-4EED-B1D8-14FF06EDD35E}"
EndProject
Project("{FAE04EC0-301F-11D3-BF4B-00C04F79EFBC}") = "SeamCompiler.Tests", "SeamCompiler.Tests\SeamCompiler.Tests.csproj", "{165C3646-FA91-4533-9445-3BD4253E15BD}"
EndProject
Project("{FAE04EC0-301F-11D3-BF4B-00C04F79EFBC}") = "CompilerExecutable", "CompilerExecutable\CompilerExecutable.csproj", "{D5481384-C12F-4C47-AD9B-EAF874421C9C}"
EndProject
Global
	GlobalSection(SolutionConfigurationPlatforms) = preSolution
		Debug|Any CPU = Debug|Any CPU
		Release|Any CPU = Release|Any CPU
	EndGlobalSection
	GlobalSection(ProjectConfigurationPlatforms) = postSolution
		{C62953D4-BA12-4EED-B1D8-14FF06EDD35E}.Debug|Any CPU.ActiveCfg = Debug|Any CPU
		{C62953D4-BA12-4EED-B1D8-14FF06EDD35E}.Debug|Any CPU.Build.0 = Debug|Any CPU
		{C62953D4-BA12-4EED-B1D8-14FF06EDD35E}.Release|Any CPU.ActiveCfg = Release|Any CPU
		{C62953D4-BA12-4EED-B1D8-14FF06EDD35E}.Release|Any CPU.Build.0 = Release|Any CPU
		{165C3646-FA91-4533-9445-3BD4253E15BD}.Debug|Any CPU.ActiveCfg = Debug|Any CPU
		{165C3646-FA91-4533-9445-3BD4253E15BD}.Debug|Any CPU.Build.0 = Debug|Any CPU
		{165C3646-FA91-4533-9445-3BD4253E15BD}.Release|Any CPU.ActiveCfg = Release|Any CPU
		{165C3646-FA91-4533-9445-3BD4253E15BD}.Release|Any CPU.Build.0 = Release|Any CPU
		{D5481384-C12F-4C47-AD9B-EAF874421C9C}.Debug|Any CPU.ActiveCfg = Debug|Any CPU
		{D5481384-C12F-4C47-AD9B-EAF874421C9C}.Debug|Any CPU.Build.0 = Debug|Any CPU
		{D5481384-C12F-4C47-AD9B-EAF874421C9C}.Release|Any CPU.ActiveCfg = Release|Any CPU
		{D5481384-C12F-4C47-AD9B-EAF874421C9C}.Release|Any CPU.Build.0 = Release|Any CPU
	EndGlobalSection
	GlobalSection(SolutionProperties) = preSolution
		HideSolutionNode = FALSE
	EndGlobalSection
	GlobalSection(ExtensibilityGlobals) = postSolution
		SolutionGuid = {DEC752F3-D857-48D4-81EA-BE4BDBA512FF}
	EndGlobalSection
EndGlobal
